// !$*UTF8*$!
{
	archiveVersion = 1;
	classes = {
	};
	objectVersion = 56;
	objects = {

/* Begin PBXBuildFile section */
		7F82F12A2B34AFDA00B5B49B /* SwiftUI_Chat_AppApp.swift in Sources */ = {isa = PBXBuildFile; fileRef = 7F82F1292B34AFDA00B5B49B /* SwiftUI_Chat_AppApp.swift */; };
		7F82F12C2B34AFDA00B5B49B /* ContentView.swift in Sources */ = {isa = PBXBuildFile; fileRef = 7F82F12B2B34AFDA00B5B49B /* ContentView.swift */; };
		7F82F12E2B34AFDB00B5B49B /* Assets.xcassets in Resources */ = {isa = PBXBuildFile; fileRef = 7F82F12D2B34AFDB00B5B49B /* Assets.xcassets */; };
		7F82F1312B34AFDB00B5B49B /* Preview Assets.xcassets in Resources */ = {isa = PBXBuildFile; fileRef = 7F82F1302B34AFDB00B5B49B /* Preview Assets.xcassets */; };
		7F82F13F2B34B1B700B5B49B /* LoginView.swift in Sources */ = {isa = PBXBuildFile; fileRef = 7F82F13E2B34B1B700B5B49B /* LoginView.swift */; };
		7F82F1412B34B1CB00B5B49B /* RegistrationView.swift in Sources */ = {isa = PBXBuildFile; fileRef = 7F82F1402B34B1CB00B5B49B /* RegistrationView.swift */; };
		7F82F1432B35AAA500B5B49B /* CustomTextField.swift in Sources */ = {isa = PBXBuildFile; fileRef = 7F82F1422B35AAA500B5B49B /* CustomTextField.swift */; };
		7F82F1462B35B26300B5B49B /* MainTabView.swift in Sources */ = {isa = PBXBuildFile; fileRef = 7F82F1452B35B26300B5B49B /* MainTabView.swift */; };
		7F856F862B39986C003EC973 /* ChannelsView.swift in Sources */ = {isa = PBXBuildFile; fileRef = 7F856F852B39986C003EC973 /* ChannelsView.swift */; };
		7F856F882B399890003EC973 /* SettingsView.swift in Sources */ = {isa = PBXBuildFile; fileRef = 7F856F872B399890003EC973 /* SettingsView.swift */; };
		7F856F8A2B39989C003EC973 /* ChatsView.swift in Sources */ = {isa = PBXBuildFile; fileRef = 7F856F892B39989C003EC973 /* ChatsView.swift */; };
		7F856F8F2B399982003EC973 /* ConversetionView.swift in Sources */ = {isa = PBXBuildFile; fileRef = 7F856F8E2B399982003EC973 /* ConversetionView.swift */; };
/* End PBXBuildFile section */

/* Begin PBXFileReference section */
		7F82F1262B34AFDA00B5B49B /* SwiftUI_Chat_App.app */ = {isa = PBXFileReference; explicitFileType = wrapper.application; includeInIndex = 0; path = SwiftUI_Chat_App.app; sourceTree = BUILT_PRODUCTS_DIR; };
		7F82F1292B34AFDA00B5B49B /* SwiftUI_Chat_AppApp.swift */ = {isa = PBXFileReference; lastKnownFileType = sourcecode.swift; path = SwiftUI_Chat_AppApp.swift; sourceTree = "<group>"; };
		7F82F12B2B34AFDA00B5B49B /* ContentView.swift */ = {isa = PBXFileReference; lastKnownFileType = sourcecode.swift; path = ContentView.swift; sourceTree = "<group>"; };
		7F82F12D2B34AFDB00B5B49B /* Assets.xcassets */ = {isa = PBXFileReference; lastKnownFileType = folder.assetcatalog; path = Assets.xcassets; sourceTree = "<group>"; };
		7F82F1302B34AFDB00B5B49B /* Preview Assets.xcassets */ = {isa = PBXFileReference; lastKnownFileType = folder.assetcatalog; path = "Preview Assets.xcassets"; sourceTree = "<group>"; };
		7F82F13E2B34B1B700B5B49B /* LoginView.swift */ = {isa = PBXFileReference; lastKnownFileType = sourcecode.swift; path = LoginView.swift; sourceTree = "<group>"; };
		7F82F1402B34B1CB00B5B49B /* RegistrationView.swift */ = {isa = PBXFileReference; lastKnownFileType = sourcecode.swift; path = RegistrationView.swift; sourceTree = "<group>"; };
		7F82F1422B35AAA500B5B49B /* CustomTextField.swift */ = {isa = PBXFileReference; lastKnownFileType = sourcecode.swift; path = CustomTextField.swift; sourceTree = "<group>"; };
		7F82F1452B35B26300B5B49B /* MainTabView.swift */ = {isa = PBXFileReference; lastKnownFileType = sourcecode.swift; path = MainTabView.swift; sourceTree = "<group>"; };
		7F856F852B39986C003EC973 /* ChannelsView.swift */ = {isa = PBXFileReference; lastKnownFileType = sourcecode.swift; path = ChannelsView.swift; sourceTree = "<group>"; };
		7F856F872B399890003EC973 /* SettingsView.swift */ = {isa = PBXFileReference; lastKnownFileType = sourcecode.swift; path = SettingsView.swift; sourceTree = "<group>"; };
		7F856F892B39989C003EC973 /* ChatsView.swift */ = {isa = PBXFileReference; lastKnownFileType = sourcecode.swift; path = ChatsView.swift; sourceTree = "<group>"; };
		7F856F8E2B399982003EC973 /* ConversetionView.swift */ = {isa = PBXFileReference; lastKnownFileType = sourcecode.swift; path = ConversetionView.swift; sourceTree = "<group>"; };
/* End PBXFileReference section */

/* Begin PBXFrameworksBuildPhase section */
		7F82F1232B34AFDA00B5B49B /* Frameworks */ = {
			isa = PBXFrameworksBuildPhase;
			buildActionMask = 2147483647;
			files = (
			);
			runOnlyForDeploymentPostprocessing = 0;
		};
/* End PBXFrameworksBuildPhase section */

/* Begin PBXGroup section */
		7F82F11D2B34AFDA00B5B49B = {
			isa = PBXGroup;
			children = (
				7F82F1282B34AFDA00B5B49B /* SwiftUI_Chat_App */,
				7F82F1272B34AFDA00B5B49B /* Products */,
			);
			sourceTree = "<group>";
		};
		7F82F1272B34AFDA00B5B49B /* Products */ = {
			isa = PBXGroup;
			children = (
				7F82F1262B34AFDA00B5B49B /* SwiftUI_Chat_App.app */,
			);
			name = Products;
			sourceTree = "<group>";
		};
		7F82F1282B34AFDA00B5B49B /* SwiftUI_Chat_App */ = {
			isa = PBXGroup;
			children = (
				7F82F13B2B34B0A900B5B49B /* Model */,
				7F82F13A2B34B0A800B5B49B /* View */,
				7F82F13C2B34B11400B5B49B /* ViewModel */,
				7F82F1392B34B0A600B5B49B /* Api */,
				7F82F1382B34B0A300B5B49B /* Utills */,
				7F82F1292B34AFDA00B5B49B /* SwiftUI_Chat_AppApp.swift */,
				7F82F12B2B34AFDA00B5B49B /* ContentView.swift */,
				7F82F12D2B34AFDB00B5B49B /* Assets.xcassets */,
				7F82F12F2B34AFDB00B5B49B /* Preview Content */,
			);
			path = SwiftUI_Chat_App;
			sourceTree = "<group>";
		};
		7F82F12F2B34AFDB00B5B49B /* Preview Content */ = {
			isa = PBXGroup;
			children = (
				7F82F1302B34AFDB00B5B49B /* Preview Assets.xcassets */,
			);
			path = "Preview Content";
			sourceTree = "<group>";
		};
		7F82F1382B34B0A300B5B49B /* Utills */ = {
			isa = PBXGroup;
			children = (
				7F82F1422B35AAA500B5B49B /* CustomTextField.swift */,
			);
			path = Utills;
			sourceTree = "<group>";
		};
		7F82F1392B34B0A600B5B49B /* Api */ = {
			isa = PBXGroup;
			children = (
			);
			path = Api;
			sourceTree = "<group>";
		};
		7F82F13A2B34B0A800B5B49B /* View */ = {
			isa = PBXGroup;
			children = (
				7F856F8B2B3998A7003EC973 /* Conversetions */,
				7F856F822B39983B003EC973 /* Chats */,
				7F856F812B399831003EC973 /* Settings */,
				7F856F802B39981F003EC973 /* Channels */,
				7F82F1442B35B25100B5B49B /* Main */,
				7F82F13D2B34B19100B5B49B /* Authentification */,
			);
			path = View;
			sourceTree = "<group>";
		};
		7F82F13B2B34B0A900B5B49B /* Model */ = {
			isa = PBXGroup;
			children = (
			);
			path = Model;
			sourceTree = "<group>";
		};
		7F82F13C2B34B11400B5B49B /* ViewModel */ = {
			isa = PBXGroup;
			children = (
			);
			path = ViewModel;
			sourceTree = "<group>";
		};
		7F82F13D2B34B19100B5B49B /* Authentification */ = {
			isa = PBXGroup;
			children = (
				7F82F13E2B34B1B700B5B49B /* LoginView.swift */,
				7F82F1402B34B1CB00B5B49B /* RegistrationView.swift */,
			);
			path = Authentification;
			sourceTree = "<group>";
		};
		7F82F1442B35B25100B5B49B /* Main */ = {
			isa = PBXGroup;
			children = (
				7F82F1452B35B26300B5B49B /* MainTabView.swift */,
			);
			path = Main;
			sourceTree = "<group>";
		};
		7F856F802B39981F003EC973 /* Channels */ = {
			isa = PBXGroup;
			children = (
				7F856F852B39986C003EC973 /* ChannelsView.swift */,
			);
			path = Channels;
			sourceTree = "<group>";
		};
		7F856F812B399831003EC973 /* Settings */ = {
			isa = PBXGroup;
			children = (
				7F856F872B399890003EC973 /* SettingsView.swift */,
			);
			path = Settings;
			sourceTree = "<group>";
		};
		7F856F822B39983B003EC973 /* Chats */ = {
			isa = PBXGroup;
			children = (
				7F856F892B39989C003EC973 /* ChatsView.swift */,
			);
			path = Chats;
			sourceTree = "<group>";
		};
		7F856F8B2B3998A7003EC973 /* Conversetions */ = {
			isa = PBXGroup;
			children = (
				7F856F8E2B399982003EC973 /* ConversetionView.swift */,
			);
			path = Conversetions;
			sourceTree = "<group>";
		};
/* End PBXGroup section */

/* Begin PBXNativeTarget section */
		7F82F1252B34AFDA00B5B49B /* SwiftUI_Chat_App */ = {
			isa = PBXNativeTarget;
			buildConfigurationList = 7F82F1342B34AFDB00B5B49B /* Build configuration list for PBXNativeTarget "SwiftUI_Chat_App" */;
			buildPhases = (
				7F82F1222B34AFDA00B5B49B /* Sources */,
				7F82F1232B34AFDA00B5B49B /* Frameworks */,
				7F82F1242B34AFDA00B5B49B /* Resources */,
			);
			buildRules = (
			);
			dependencies = (
			);
			name = SwiftUI_Chat_App;
			productName = SwiftUI_Chat_App;
			productReference = 7F82F1262B34AFDA00B5B49B /* SwiftUI_Chat_App.app */;
			productType = "com.apple.product-type.application";
		};
/* End PBXNativeTarget section */

/* Begin PBXProject section */
		7F82F11E2B34AFDA00B5B49B /* Project object */ = {
			isa = PBXProject;
			attributes = {
				BuildIndependentTargetsInParallel = 1;
				LastSwiftUpdateCheck = 1510;
				LastUpgradeCheck = 1510;
				TargetAttributes = {
					7F82F1252B34AFDA00B5B49B = {
						CreatedOnToolsVersion = 15.1;
					};
				};
			};
			buildConfigurationList = 7F82F1212B34AFDA00B5B49B /* Build configuration list for PBXProject "SwiftUI_Chat_App" */;
			compatibilityVersion = "Xcode 14.0";
			developmentRegion = en;
			hasScannedForEncodings = 0;
			knownRegions = (
				en,
				Base,
			);
			mainGroup = 7F82F11D2B34AFDA00B5B49B;
			productRefGroup = 7F82F1272B34AFDA00B5B49B /* Products */;
			projectDirPath = "";
			projectRoot = "";
			targets = (
				7F82F1252B34AFDA00B5B49B /* SwiftUI_Chat_App */,
			);
		};
/* End PBXProject section */

/* Begin PBXResourcesBuildPhase section */
		7F82F1242B34AFDA00B5B49B /* Resources */ = {
			isa = PBXResourcesBuildPhase;
			buildActionMask = 2147483647;
			files = (
				7F82F1312B34AFDB00B5B49B /* Preview Assets.xcassets in Resources */,
				7F82F12E2B34AFDB00B5B49B /* Assets.xcassets in Resources */,
			);
			runOnlyForDeploymentPostprocessing = 0;
		};
/* End PBXResourcesBuildPhase section */

/* Begin PBXSourcesBuildPhase section */
		7F82F1222B34AFDA00B5B49B /* Sources */ = {
			isa = PBXSourcesBuildPhase;
			buildActionMask = 2147483647;
			files = (
				7F82F13F2B34B1B700B5B49B /* LoginView.swift in Sources */,
				7F856F882B399890003EC973 /* SettingsView.swift in Sources */,
				7F856F862B39986C003EC973 /* ChannelsView.swift in Sources */,
				7F82F12C2B34AFDA00B5B49B /* ContentView.swift in Sources */,
				7F82F12A2B34AFDA00B5B49B /* SwiftUI_Chat_AppApp.swift in Sources */,
				7F856F8F2B399982003EC973 /* ConversetionView.swift in Sources */,
				7F82F1412B34B1CB00B5B49B /* RegistrationView.swift in Sources */,
				7F856F8A2B39989C003EC973 /* ChatsView.swift in Sources */,
				7F82F1432B35AAA500B5B49B /* CustomTextField.swift in Sources */,
				7F82F1462B35B26300B5B49B /* MainTabView.swift in Sources */,
			);
			runOnlyForDeploymentPostprocessing = 0;
		};
/* End PBXSourcesBuildPhase section */

/* Begin XCBuildConfiguration section */
		7F82F1322B34AFDB00B5B49B /* Debug */ = {
			isa = XCBuildConfiguration;
			buildSettings = {
				ALWAYS_SEARCH_USER_PATHS = NO;
				ASSETCATALOG_COMPILER_GENERATE_SWIFT_ASSET_SYMBOL_EXTENSIONS = YES;
				CLANG_ANALYZER_NONNULL = YES;
				CLANG_ANALYZER_NUMBER_OBJECT_CONVERSION = YES_AGGRESSIVE;
				CLANG_CXX_LANGUAGE_STANDARD = "gnu++20";
				CLANG_ENABLE_MODULES = YES;
				CLANG_ENABLE_OBJC_ARC = YES;
				CLANG_ENABLE_OBJC_WEAK = YES;
				CLANG_WARN_BLOCK_CAPTURE_AUTORELEASING = YES;
				CLANG_WARN_BOOL_CONVERSION = YES;
				CLANG_WARN_COMMA = YES;
				CLANG_WARN_CONSTANT_CONVERSION = YES;
				CLANG_WARN_DEPRECATED_OBJC_IMPLEMENTATIONS = YES;
				CLANG_WARN_DIRECT_OBJC_ISA_USAGE = YES_ERROR;
				CLANG_WARN_DOCUMENTATION_COMMENTS = YES;
				CLANG_WARN_EMPTY_BODY = YES;
				CLANG_WARN_ENUM_CONVERSION = YES;
				CLANG_WARN_INFINITE_RECURSION = YES;
				CLANG_WARN_INT_CONVERSION = YES;
				CLANG_WARN_NON_LITERAL_NULL_CONVERSION = YES;
				CLANG_WARN_OBJC_IMPLICIT_RETAIN_SELF = YES;
				CLANG_WARN_OBJC_LITERAL_CONVERSION = YES;
				CLANG_WARN_OBJC_ROOT_CLASS = YES_ERROR;
				CLANG_WARN_QUOTED_INCLUDE_IN_FRAMEWORK_HEADER = YES;
				CLANG_WARN_RANGE_LOOP_ANALYSIS = YES;
				CLANG_WARN_STRICT_PROTOTYPES = YES;
				CLANG_WARN_SUSPICIOUS_MOVE = YES;
				CLANG_WARN_UNGUARDED_AVAILABILITY = YES_AGGRESSIVE;
				CLANG_WARN_UNREACHABLE_CODE = YES;
				CLANG_WARN__DUPLICATE_METHOD_MATCH = YES;
				COPY_PHASE_STRIP = NO;
				DEBUG_INFORMATION_FORMAT = dwarf;
				ENABLE_STRICT_OBJC_MSGSEND = YES;
				ENABLE_TESTABILITY = YES;
				ENABLE_USER_SCRIPT_SANDBOXING = YES;
				GCC_C_LANGUAGE_STANDARD = gnu17;
				GCC_DYNAMIC_NO_PIC = NO;
				GCC_NO_COMMON_BLOCKS = YES;
				GCC_OPTIMIZATION_LEVEL = 0;
				GCC_PREPROCESSOR_DEFINITIONS = (
					"DEBUG=1",
					"$(inherited)",
				);
				GCC_WARN_64_TO_32_BIT_CONVERSION = YES;
				GCC_WARN_ABOUT_RETURN_TYPE = YES_ERROR;
				GCC_WARN_UNDECLARED_SELECTOR = YES;
				GCC_WARN_UNINITIALIZED_AUTOS = YES_AGGRESSIVE;
				GCC_WARN_UNUSED_FUNCTION = YES;
				GCC_WARN_UNUSED_VARIABLE = YES;
				IPHONEOS_DEPLOYMENT_TARGET = 17.2;
				LOCALIZATION_PREFERS_STRING_CATALOGS = YES;
				MTL_ENABLE_DEBUG_INFO = INCLUDE_SOURCE;
				MTL_FAST_MATH = YES;
				ONLY_ACTIVE_ARCH = YES;
				SDKROOT = iphoneos;
				SWIFT_ACTIVE_COMPILATION_CONDITIONS = "DEBUG $(inherited)";
				SWIFT_OPTIMIZATION_LEVEL = "-Onone";
			};
			name = Debug;
		};
		7F82F1332B34AFDB00B5B49B /* Release */ = {
			isa = XCBuildConfiguration;
			buildSettings = {
				ALWAYS_SEARCH_USER_PATHS = NO;
				ASSETCATALOG_COMPILER_GENERATE_SWIFT_ASSET_SYMBOL_EXTENSIONS = YES;
				CLANG_ANALYZER_NONNULL = YES;
				CLANG_ANALYZER_NUMBER_OBJECT_CONVERSION = YES_AGGRESSIVE;
				CLANG_CXX_LANGUAGE_STANDARD = "gnu++20";
				CLANG_ENABLE_MODULES = YES;
				CLANG_ENABLE_OBJC_ARC = YES;
				CLANG_ENABLE_OBJC_WEAK = YES;
				CLANG_WARN_BLOCK_CAPTURE_AUTORELEASING = YES;
				CLANG_WARN_BOOL_CONVERSION = YES;
				CLANG_WARN_COMMA = YES;
				CLANG_WARN_CONSTANT_CONVERSION = YES;
				CLANG_WARN_DEPRECATED_OBJC_IMPLEMENTATIONS = YES;
				CLANG_WARN_DIRECT_OBJC_ISA_USAGE = YES_ERROR;
				CLANG_WARN_DOCUMENTATION_COMMENTS = YES;
				CLANG_WARN_EMPTY_BODY = YES;
				CLANG_WARN_ENUM_CONVERSION = YES;
				CLANG_WARN_INFINITE_RECURSION = YES;
				CLANG_WARN_INT_CONVERSION = YES;
				CLANG_WARN_NON_LITERAL_NULL_CONVERSION = YES;
				CLANG_WARN_OBJC_IMPLICIT_RETAIN_SELF = YES;
				CLANG_WARN_OBJC_LITERAL_CONVERSION = YES;
				CLANG_WARN_OBJC_ROOT_CLASS = YES_ERROR;
				CLANG_WARN_QUOTED_INCLUDE_IN_FRAMEWORK_HEADER = YES;
				CLANG_WARN_RANGE_LOOP_ANALYSIS = YES;
				CLANG_WARN_STRICT_PROTOTYPES = YES;
				CLANG_WARN_SUSPICIOUS_MOVE = YES;
				CLANG_WARN_UNGUARDED_AVAILABILITY = YES_AGGRESSIVE;
				CLANG_WARN_UNREACHABLE_CODE = YES;
				CLANG_WARN__DUPLICATE_METHOD_MATCH = YES;
				COPY_PHASE_STRIP = NO;
				DEBUG_INFORMATION_FORMAT = "dwarf-with-dsym";
				ENABLE_NS_ASSERTIONS = NO;
				ENABLE_STRICT_OBJC_MSGSEND = YES;
				ENABLE_USER_SCRIPT_SANDBOXING = YES;
				GCC_C_LANGUAGE_STANDARD = gnu17;
				GCC_NO_COMMON_BLOCKS = YES;
				GCC_WARN_64_TO_32_BIT_CONVERSION = YES;
				GCC_WARN_ABOUT_RETURN_TYPE = YES_ERROR;
				GCC_WARN_UNDECLARED_SELECTOR = YES;
				GCC_WARN_UNINITIALIZED_AUTOS = YES_AGGRESSIVE;
				GCC_WARN_UNUSED_FUNCTION = YES;
				GCC_WARN_UNUSED_VARIABLE = YES;
				IPHONEOS_DEPLOYMENT_TARGET = 17.2;
				LOCALIZATION_PREFERS_STRING_CATALOGS = YES;
				MTL_ENABLE_DEBUG_INFO = NO;
				MTL_FAST_MATH = YES;
				SDKROOT = iphoneos;
				SWIFT_COMPILATION_MODE = wholemodule;
				VALIDATE_PRODUCT = YES;
			};
			name = Release;
		};
		7F82F1352B34AFDB00B5B49B /* Debug */ = {
			isa = XCBuildConfiguration;
			buildSettings = {
				ASSETCATALOG_COMPILER_APPICON_NAME = AppIcon;
				ASSETCATALOG_COMPILER_GLOBAL_ACCENT_COLOR_NAME = AccentColor;
				CODE_SIGN_STYLE = Automatic;
				CURRENT_PROJECT_VERSION = 1;
				DEVELOPMENT_ASSET_PATHS = "\"SwiftUI_Chat_App/Preview Content\"";
				ENABLE_PREVIEWS = YES;
				GENERATE_INFOPLIST_FILE = YES;
				INFOPLIST_KEY_UIApplicationSceneManifest_Generation = YES;
				INFOPLIST_KEY_UIApplicationSupportsIndirectInputEvents = YES;
				INFOPLIST_KEY_UILaunchScreen_Generation = YES;
				INFOPLIST_KEY_UISupportedInterfaceOrientations_iPad = "UIInterfaceOrientationPortrait UIInterfaceOrientationPortraitUpsideDown UIInterfaceOrientationLandscapeLeft UIInterfaceOrientationLandscapeRight";
				INFOPLIST_KEY_UISupportedInterfaceOrientations_iPhone = "UIInterfaceOrientationPortrait UIInterfaceOrientationLandscapeLeft UIInterfaceOrientationLandscapeRight";
				LD_RUNPATH_SEARCH_PATHS = (
					"$(inherited)",
					"@executable_path/Frameworks",
				);
				MARKETING_VERSION = 1.0;
				PRODUCT_BUNDLE_IDENTIFIER = "com.UstaGaiypov.SwiftUI-Chat-App";
				PRODUCT_NAME = "$(TARGET_NAME)";
				SWIFT_EMIT_LOC_STRINGS = YES;
				SWIFT_VERSION = 5.0;
				TARGETED_DEVICE_FAMILY = "1,2";
			};
			name = Debug;
		};
		7F82F1362B34AFDB00B5B49B /* Release */ = {
			isa = XCBuildConfiguration;
			buildSettings = {
				ASSETCATALOG_COMPILER_APPICON_NAME = AppIcon;
				ASSETCATALOG_COMPILER_GLOBAL_ACCENT_COLOR_NAME = AccentColor;
				CODE_SIGN_STYLE = Automatic;
				CURRENT_PROJECT_VERSION = 1;
				DEVELOPMENT_ASSET_PATHS = "\"SwiftUI_Chat_App/Preview Content\"";
				ENABLE_PREVIEWS = YES;
				GENERATE_INFOPLIST_FILE = YES;
				INFOPLIST_KEY_UIApplicationSceneManifest_Generation = YES;
				INFOPLIST_KEY_UIApplicationSupportsIndirectInputEvents = YES;
				INFOPLIST_KEY_UILaunchScreen_Generation = YES;
				INFOPLIST_KEY_UISupportedInterfaceOrientations_iPad = "UIInterfaceOrientationPortrait UIInterfaceOrientationPortraitUpsideDown UIInterfaceOrientationLandscapeLeft UIInterfaceOrientationLandscapeRight";
				INFOPLIST_KEY_UISupportedInterfaceOrientations_iPhone = "UIInterfaceOrientationPortrait UIInterfaceOrientationLandscapeLeft UIInterfaceOrientationLandscapeRight";
				LD_RUNPATH_SEARCH_PATHS = (
					"$(inherited)",
					"@executable_path/Frameworks",
				);
				MARKETING_VERSION = 1.0;
				PRODUCT_BUNDLE_IDENTIFIER = "com.UstaGaiypov.SwiftUI-Chat-App";
				PRODUCT_NAME = "$(TARGET_NAME)";
				SWIFT_EMIT_LOC_STRINGS = YES;
				SWIFT_VERSION = 5.0;
				TARGETED_DEVICE_FAMILY = "1,2";
			};
			name = Release;
		};
/* End XCBuildConfiguration section */

/* Begin XCConfigurationList section */
		7F82F1212B34AFDA00B5B49B /* Build configuration list for PBXProject "SwiftUI_Chat_App" */ = {
			isa = XCConfigurationList;
			buildConfigurations = (
				7F82F1322B34AFDB00B5B49B /* Debug */,
				7F82F1332B34AFDB00B5B49B /* Release */,
			);
			defaultConfigurationIsVisible = 0;
			defaultConfigurationName = Release;
		};
		7F82F1342B34AFDB00B5B49B /* Build configuration list for PBXNativeTarget "SwiftUI_Chat_App" */ = {
			isa = XCConfigurationList;
			buildConfigurations = (
				7F82F1352B34AFDB00B5B49B /* Debug */,
				7F82F1362B34AFDB00B5B49B /* Release */,
			);
			defaultConfigurationIsVisible = 0;
			defaultConfigurationName = Release;
		};
/* End XCConfigurationList section */
	};
	rootObject = 7F82F11E2B34AFDA00B5B49B /* Project object */;
}
